{
  "version": "4",
  "specifiers": {
    "jsr:@emrahcom/jwt@~0.4.2": "0.4.2",
    "jsr:@hono/hono@^4.7.11": "4.7.11",
    "jsr:@sauber/table@0.1": "0.1.0",
    "jsr:@std/encoding@^1.0.10": "1.0.10",
    "npm:create-solid@*": "0.6.5",
    "npm:zod@^3.25.63": "3.25.63"
  },
  "jsr": {
    "@emrahcom/jwt@0.4.2": {
      "integrity": "f26e26d88f8acbcb6d19d71b403acd3c5bd09829057e12cd66438f0b5dd13b34",
      "dependencies": [
        "jsr:@std/encoding"
      ]
    },
    "@hono/hono@4.7.11": {
      "integrity": "52b9395e4f2448fbaf82a6bd7925d15e59f4055037e74d6c2f657f3618b11193"
    },
    "@sauber/table@0.1.0": {
      "integrity": "528a02e0023c9e4aa00e438bebd9224263e718fac35fe833bc80b937e3d5ae65"
    },
    "@std/encoding@1.0.10": {
      "integrity": "8783c6384a2d13abd5e9e87a7ae0520a30e9f56aeeaa3bdf910a3eaaf5c811a1"
    }
  },
  "npm": {
    "create-solid@0.6.5": {
      "integrity": "sha512-SYj0EZTY61Icp2TIFpeEiEAOZF/UlNCS1IFe4oz+G4Xv5bDAD+4pz2WRsy0KT04zDsFb8g/zp0yY9mNintCGkw=="
    },
    "zod@3.25.63": {
      "integrity": "sha512-3ttCkqhtpncYXfP0f6dsyabbYV/nEUW+Xlu89jiXbTBifUfjaSqXOG6JnQPLtqt87n7KAmnMqcjay6c0Wq0Vbw=="
    }
  },
  "workspace": {
    "dependencies": [
      "jsr:@emrahcom/jwt@~0.4.2",
      "jsr:@hono/hono@^4.7.11",
      "jsr:@sauber/table@0.1",
      "npm:zod@^3.25.63"
    ]
  }
}
