{
  "version": "4",
  "specifiers": {
    "jsr:@hono/hono@^4.7.11": "4.7.11",
    "npm:create-solid@*": "0.6.5"
  },
  "jsr": {
    "@hono/hono@4.7.11": {
      "integrity": "52b9395e4f2448fbaf82a6bd7925d15e59f4055037e74d6c2f657f3618b11193"
    }
  },
  "npm": {
    "create-solid@0.6.5": {
      "integrity": "sha512-SYj0EZTY61Icp2TIFpeEiEAOZF/UlNCS1IFe4oz+G4Xv5bDAD+4pz2WRsy0KT04zDsFb8g/zp0yY9mNintCGkw=="
    }
  },
  "workspace": {
    "dependencies": [
      "jsr:@hono/hono@^4.7.11"
    ]
  }
}
